
Microsoft Visual Studio Solution File, Format Version 12.00
# Visual Studio Version 17
VisualStudioVersion = 17.7.33808.371
MinimumVisualStudioVersion = 10.0.40219.1
Project("{FAE04EC0-301F-11D3-BF4B-00C04F79EFBC}") = "Extension1", "Extension1\Extension1.csproj", "{006F4975-9202-4071-AF1A-BA97942BF43F}"
EndProject
Global
	GlobalSection(SolutionConfigurationPlatforms) = preSolution
		Debug|Any CPU = Debug|Any CPU
		Release|Any CPU = Release|Any CPU
	EndGlobalSection
	GlobalSection(ProjectConfigurationPlatforms) = postSolution
		{006F4975-9202-4071-AF1A-BA97942BF43F}.Debug|Any CPU.ActiveCfg = Debug|Any CPU
		{006F4975-9202-4071-AF1A-BA97942BF43F}.Debug|Any CPU.Build.0 = Debug|Any CPU
		{006F4975-9202-4071-AF1A-BA97942BF43F}.Release|Any CPU.ActiveCfg = Release|Any CPU
		{006F4975-9202-4071-AF1A-BA97942BF43F}.Release|Any CPU.Build.0 = Release|Any CPU
	EndGlobalSection
	GlobalSection(SolutionProperties) = preSolution
		HideSolutionNode = FALSE
	EndGlobalSection
	GlobalSection(ExtensibilityGlobals) = postSolution
		SolutionGuid = {556980AF-C3C4-4C6C-86D1-261F749CA162}
	EndGlobalSection
EndGlobal
